
Microsoft Visual Studio Solution File, Format Version 12.00
# Visual Studio Version 17
VisualStudioVersion = 17.5.002.0
MinimumVisualStudioVersion = 10.0.40219.1
Project("{9A19103F-16F7-4668-BE54-9A1E7A4F7556}") = "practica4-AlvinRHD", "practica4-AlvinRHD.csproj", "{C74C60B2-F18E-4E5E-B74A-D6715191E2BB}"
EndProject
Global
	GlobalSection(SolutionConfigurationPlatforms) = preSolution
		Debug|Any CPU = Debug|Any CPU
		Release|Any CPU = Release|Any CPU
	EndGlobalSection
	GlobalSection(ProjectConfigurationPlatforms) = postSolution
		{C74C60B2-F18E-4E5E-B74A-D6715191E2BB}.Debug|Any CPU.ActiveCfg = Debug|Any CPU
		{C74C60B2-F18E-4E5E-B74A-D6715191E2BB}.Debug|Any CPU.Build.0 = Debug|Any CPU
		{C74C60B2-F18E-4E5E-B74A-D6715191E2BB}.Release|Any CPU.ActiveCfg = Release|Any CPU
		{C74C60B2-F18E-4E5E-B74A-D6715191E2BB}.Release|Any CPU.Build.0 = Release|Any CPU
	EndGlobalSection
	GlobalSection(SolutionProperties) = preSolution
		HideSolutionNode = FALSE
	EndGlobalSection
	GlobalSection(ExtensibilityGlobals) = postSolution
		SolutionGuid = {0BB21DB4-7B0F-4395-9944-83DB9E0F49E6}
	EndGlobalSection
EndGlobal
